
Microsoft Visual Studio Solution File, Format Version 12.00
Project("{FAE04EC0-301F-11D3-BF4B-00C04F79EFBC}") = "BasicPractice0331", "BasicPractice0331\BasicPractice0331.csproj", "{3E1F4744-FCE0-4742-BC14-C58333D4638E}"
EndProject
Project("{FAE04EC0-301F-11D3-BF4B-00C04F79EFBC}") = "AdvancePractice0331", "AdvancePractice0331\AdvancePractice0331.csproj", "{55CF9955-D391-4EC8-ABB8-5F129D31EAAC}"
EndProject
Global
	GlobalSection(SolutionConfigurationPlatforms) = preSolution
		Debug|Any CPU = Debug|Any CPU
		Release|Any CPU = Release|Any CPU
	EndGlobalSection
	GlobalSection(ProjectConfigurationPlatforms) = postSolution
		{3E1F4744-FCE0-4742-BC14-C58333D4638E}.Debug|Any CPU.ActiveCfg = Debug|Any CPU
		{3E1F4744-FCE0-4742-BC14-C58333D4638E}.Debug|Any CPU.Build.0 = Debug|Any CPU
		{3E1F4744-FCE0-4742-BC14-C58333D4638E}.Release|Any CPU.ActiveCfg = Release|Any CPU
		{3E1F4744-FCE0-4742-BC14-C58333D4638E}.Release|Any CPU.Build.0 = Release|Any CPU
		{55CF9955-D391-4EC8-ABB8-5F129D31EAAC}.Debug|Any CPU.ActiveCfg = Debug|Any CPU
		{55CF9955-D391-4EC8-ABB8-5F129D31EAAC}.Debug|Any CPU.Build.0 = Debug|Any CPU
		{55CF9955-D391-4EC8-ABB8-5F129D31EAAC}.Release|Any CPU.ActiveCfg = Release|Any CPU
		{55CF9955-D391-4EC8-ABB8-5F129D31EAAC}.Release|Any CPU.Build.0 = Release|Any CPU
	EndGlobalSection
EndGlobal
