
Microsoft Visual Studio Solution File, Format Version 12.00
Project("{FAE04EC0-301F-11D3-BF4B-00C04F79EFBC}") = "Practice0312", "Practice0312\Practice0312.csproj", "{90CEAD23-445B-42CF-8DA1-978C595FDED5}"
EndProject
Global
	GlobalSection(SolutionConfigurationPlatforms) = preSolution
		Debug|Any CPU = Debug|Any CPU
		Release|Any CPU = Release|Any CPU
	EndGlobalSection
	GlobalSection(ProjectConfigurationPlatforms) = postSolution
		{90CEAD23-445B-42CF-8DA1-978C595FDED5}.Debug|Any CPU.ActiveCfg = Debug|Any CPU
		{90CEAD23-445B-42CF-8DA1-978C595FDED5}.Debug|Any CPU.Build.0 = Debug|Any CPU
		{90CEAD23-445B-42CF-8DA1-978C595FDED5}.Release|Any CPU.ActiveCfg = Release|Any CPU
		{90CEAD23-445B-42CF-8DA1-978C595FDED5}.Release|Any CPU.Build.0 = Release|Any CPU
	EndGlobalSection
EndGlobal
