
Microsoft Visual Studio Solution File, Format Version 12.00
Project("{FAE04EC0-301F-11D3-BF4B-00C04F79EFBC}") = "Practice0328", "Practice0328\Practice0328.csproj", "{1F81C0D1-4FD6-4F8D-921F-03760ED1BB88}"
EndProject
Global
	GlobalSection(SolutionConfigurationPlatforms) = preSolution
		Debug|Any CPU = Debug|Any CPU
		Release|Any CPU = Release|Any CPU
	EndGlobalSection
	GlobalSection(ProjectConfigurationPlatforms) = postSolution
		{1F81C0D1-4FD6-4F8D-921F-03760ED1BB88}.Debug|Any CPU.ActiveCfg = Debug|Any CPU
		{1F81C0D1-4FD6-4F8D-921F-03760ED1BB88}.Debug|Any CPU.Build.0 = Debug|Any CPU
		{1F81C0D1-4FD6-4F8D-921F-03760ED1BB88}.Release|Any CPU.ActiveCfg = Release|Any CPU
		{1F81C0D1-4FD6-4F8D-921F-03760ED1BB88}.Release|Any CPU.Build.0 = Release|Any CPU
	EndGlobalSection
EndGlobal
