
Microsoft Visual Studio Solution File, Format Version 12.00
Project("{FAE04EC0-301F-11D3-BF4B-00C04F79EFBC}") = "BasicPractice0327", "BasicPractice0327\BasicPractice0327.csproj", "{36EB07EE-C24A-41B9-BADD-FD3820BC4692}"
EndProject
Project("{FAE04EC0-301F-11D3-BF4B-00C04F79EFBC}") = "Practice0327", "Practice0327\Practice0327.csproj", "{A99E7045-DDA0-4407-9A2D-DF395BBC0480}"
EndProject
Global
	GlobalSection(SolutionConfigurationPlatforms) = preSolution
		Debug|Any CPU = Debug|Any CPU
		Release|Any CPU = Release|Any CPU
	EndGlobalSection
	GlobalSection(ProjectConfigurationPlatforms) = postSolution
		{36EB07EE-C24A-41B9-BADD-FD3820BC4692}.Debug|Any CPU.ActiveCfg = Debug|Any CPU
		{36EB07EE-C24A-41B9-BADD-FD3820BC4692}.Debug|Any CPU.Build.0 = Debug|Any CPU
		{36EB07EE-C24A-41B9-BADD-FD3820BC4692}.Release|Any CPU.ActiveCfg = Release|Any CPU
		{36EB07EE-C24A-41B9-BADD-FD3820BC4692}.Release|Any CPU.Build.0 = Release|Any CPU
		{A99E7045-DDA0-4407-9A2D-DF395BBC0480}.Debug|Any CPU.ActiveCfg = Debug|Any CPU
		{A99E7045-DDA0-4407-9A2D-DF395BBC0480}.Debug|Any CPU.Build.0 = Debug|Any CPU
		{A99E7045-DDA0-4407-9A2D-DF395BBC0480}.Release|Any CPU.ActiveCfg = Release|Any CPU
		{A99E7045-DDA0-4407-9A2D-DF395BBC0480}.Release|Any CPU.Build.0 = Release|Any CPU
	EndGlobalSection
EndGlobal
